
Microsoft Visual Studio Solution File, Format Version 9.00
# Visual C++ Express 2005
Project("{8BC9CEB8-8B4A-11D0-8D11-00A0C91BC942}") = "AMakeAllEMFx", "AMakeAllEMFx.vcproj", "{AB1F9982-15B9-49F9-8608-1F674260ACCE}"
	ProjectSection(ProjectDependencies) = postProject
		{D33D7850-8FA9-4A34-B52F-2B25C498B0B9} = {D33D7850-8FA9-4A34-B52F-2B25C498B0B9}
		{8BFD1176-B4D9-4D1B-98A6-EDAFCF666616} = {8BFD1176-B4D9-4D1B-98A6-EDAFCF666616}
	EndProjectSection
EndProject
Project("{8BC9CEB8-8B4A-11D0-8D11-00A0C91BC942}") = "EMFexplorer", "Client\EMFexplorer\EMFexplorer.vcproj", "{D33D7850-8FA9-4A34-B52F-2B25C498B0B9}"
	ProjectSection(ProjectDependencies) = postProject
		{C4DD38B5-0A8B-4627-B55E-19ED81F730C5} = {C4DD38B5-0A8B-4627-B55E-19ED81F730C5}
		{C29AD55B-FD59-48B6-AED2-33CC3A5C7524} = {C29AD55B-FD59-48B6-AED2-33CC3A5C7524}
		{AD35263C-B654-4F81-AF0A-18D573FFBBAA} = {AD35263C-B654-4F81-AF0A-18D573FFBBAA}
		{46180869-03B5-4E8E-9ED4-F7EE958B04D0} = {46180869-03B5-4E8E-9ED4-F7EE958B04D0}
		{5A886F7E-095F-4722-939B-CB21B0001C04} = {5A886F7E-095F-4722-939B-CB21B0001C04}
		{BEE01F05-A098-4794-86EB-680041133B8A} = {BEE01F05-A098-4794-86EB-680041133B8A}
	EndProjectSection
EndProject
Project("{8BC9CEB8-8B4A-11D0-8D11-00A0C91BC942}") = "SCEMFAx", "Client\SCEMFAx\SCEMFAx.vcproj", "{8BFD1176-B4D9-4D1B-98A6-EDAFCF666616}"
	ProjectSection(ProjectDependencies) = postProject
		{C4DD38B5-0A8B-4627-B55E-19ED81F730C5} = {C4DD38B5-0A8B-4627-B55E-19ED81F730C5}
		{AD35263C-B654-4F81-AF0A-18D573FFBBAA} = {AD35263C-B654-4F81-AF0A-18D573FFBBAA}
		{C29AD55B-FD59-48B6-AED2-33CC3A5C7524} = {C29AD55B-FD59-48B6-AED2-33CC3A5C7524}
		{46180869-03B5-4E8E-9ED4-F7EE958B04D0} = {46180869-03B5-4E8E-9ED4-F7EE958B04D0}
		{5A886F7E-095F-4722-939B-CB21B0001C04} = {5A886F7E-095F-4722-939B-CB21B0001C04}
		{BEE01F05-A098-4794-86EB-680041133B8A} = {BEE01F05-A098-4794-86EB-680041133B8A}
	EndProjectSection
EndProject
Project("{8BC9CEB8-8B4A-11D0-8D11-00A0C91BC942}") = "SCEMFLib", "Client\SCEMFLib\SCEMFLib.vcproj", "{C4DD38B5-0A8B-4627-B55E-19ED81F730C5}"
EndProject
Project("{8BC9CEB8-8B4A-11D0-8D11-00A0C91BC942}") = "SCErrorLib", "Common\ErrorLib\SCErrorLib.vcproj", "{AD35263C-B654-4F81-AF0A-18D573FFBBAA}"
EndProject
Project("{8BC9CEB8-8B4A-11D0-8D11-00A0C91BC942}") = "SCGenLib", "Common\scgenlib\SCGenLib.vcproj", "{46180869-03B5-4E8E-9ED4-F7EE958B04D0}"
EndProject
Project("{8BC9CEB8-8B4A-11D0-8D11-00A0C91BC942}") = "SCSharedLib", "CLIENT\SCSharedLib\SCSharedLib.vcproj", "{5A886F7E-095F-4722-939B-CB21B0001C04}"
EndProject
Project("{8BC9CEB8-8B4A-11D0-8D11-00A0C91BC942}") = "SCWinLib", "Client\SCWinLib\SCWinLib.vcproj", "{C29AD55B-FD59-48B6-AED2-33CC3A5C7524}"
EndProject
Project("{8BC9CEB8-8B4A-11D0-8D11-00A0C91BC942}") = "zlib", "COMMON\zlib\zlib.vcproj", "{BEE01F05-A098-4794-86EB-680041133B8A}"
EndProject
Global
	GlobalSection(SolutionConfigurationPlatforms) = preSolution
		Debug|Win32 = Debug|Win32
		Release|Win32 = Release|Win32
		Unicode Debug|Win32 = Unicode Debug|Win32
		Unicode Release|Win32 = Unicode Release|Win32
	EndGlobalSection
	GlobalSection(ProjectConfigurationPlatforms) = postSolution
		{AB1F9982-15B9-49F9-8608-1F674260ACCE}.Debug|Win32.ActiveCfg = Debug|Win32
		{AB1F9982-15B9-49F9-8608-1F674260ACCE}.Debug|Win32.Build.0 = Debug|Win32
		{AB1F9982-15B9-49F9-8608-1F674260ACCE}.Release|Win32.ActiveCfg = Release|Win32
		{AB1F9982-15B9-49F9-8608-1F674260ACCE}.Release|Win32.Build.0 = Release|Win32
		{AB1F9982-15B9-49F9-8608-1F674260ACCE}.Unicode Debug|Win32.ActiveCfg = Unicode Debug|Win32
		{AB1F9982-15B9-49F9-8608-1F674260ACCE}.Unicode Debug|Win32.Build.0 = Unicode Debug|Win32
		{AB1F9982-15B9-49F9-8608-1F674260ACCE}.Unicode Release|Win32.ActiveCfg = Unicode Release|Win32
		{AB1F9982-15B9-49F9-8608-1F674260ACCE}.Unicode Release|Win32.Build.0 = Unicode Release|Win32
		{D33D7850-8FA9-4A34-B52F-2B25C498B0B9}.Debug|Win32.ActiveCfg = Debug|Win32
		{D33D7850-8FA9-4A34-B52F-2B25C498B0B9}.Debug|Win32.Build.0 = Debug|Win32
		{D33D7850-8FA9-4A34-B52F-2B25C498B0B9}.Release|Win32.ActiveCfg = Release|Win32
		{D33D7850-8FA9-4A34-B52F-2B25C498B0B9}.Release|Win32.Build.0 = Release|Win32
		{D33D7850-8FA9-4A34-B52F-2B25C498B0B9}.Unicode Debug|Win32.ActiveCfg = Unicode Debug|Win32
		{D33D7850-8FA9-4A34-B52F-2B25C498B0B9}.Unicode Debug|Win32.Build.0 = Unicode Debug|Win32
		{D33D7850-8FA9-4A34-B52F-2B25C498B0B9}.Unicode Release|Win32.ActiveCfg = Unicode Release|Win32
		{D33D7850-8FA9-4A34-B52F-2B25C498B0B9}.Unicode Release|Win32.Build.0 = Unicode Release|Win32
		{8BFD1176-B4D9-4D1B-98A6-EDAFCF666616}.Debug|Win32.ActiveCfg = Debug|Win32
		{8BFD1176-B4D9-4D1B-98A6-EDAFCF666616}.Debug|Win32.Build.0 = Debug|Win32
		{8BFD1176-B4D9-4D1B-98A6-EDAFCF666616}.Release|Win32.ActiveCfg = Release|Win32
		{8BFD1176-B4D9-4D1B-98A6-EDAFCF666616}.Release|Win32.Build.0 = Release|Win32
		{8BFD1176-B4D9-4D1B-98A6-EDAFCF666616}.Unicode Debug|Win32.ActiveCfg = Unicode Debug|Win32
		{8BFD1176-B4D9-4D1B-98A6-EDAFCF666616}.Unicode Debug|Win32.Build.0 = Unicode Debug|Win32
		{8BFD1176-B4D9-4D1B-98A6-EDAFCF666616}.Unicode Release|Win32.ActiveCfg = Unicode Release|Win32
		{8BFD1176-B4D9-4D1B-98A6-EDAFCF666616}.Unicode Release|Win32.Build.0 = Unicode Release|Win32
		{C4DD38B5-0A8B-4627-B55E-19ED81F730C5}.Debug|Win32.ActiveCfg = Debug|Win32
		{C4DD38B5-0A8B-4627-B55E-19ED81F730C5}.Debug|Win32.Build.0 = Debug|Win32
		{C4DD38B5-0A8B-4627-B55E-19ED81F730C5}.Release|Win32.ActiveCfg = Release|Win32
		{C4DD38B5-0A8B-4627-B55E-19ED81F730C5}.Release|Win32.Build.0 = Release|Win32
		{C4DD38B5-0A8B-4627-B55E-19ED81F730C5}.Unicode Debug|Win32.ActiveCfg = Unicode Debug|Win32
		{C4DD38B5-0A8B-4627-B55E-19ED81F730C5}.Unicode Debug|Win32.Build.0 = Unicode Debug|Win32
		{C4DD38B5-0A8B-4627-B55E-19ED81F730C5}.Unicode Release|Win32.ActiveCfg = Unicode Release|Win32
		{C4DD38B5-0A8B-4627-B55E-19ED81F730C5}.Unicode Release|Win32.Build.0 = Unicode Release|Win32
		{AD35263C-B654-4F81-AF0A-18D573FFBBAA}.Debug|Win32.ActiveCfg = Debug|Win32
		{AD35263C-B654-4F81-AF0A-18D573FFBBAA}.Debug|Win32.Build.0 = Debug|Win32
		{AD35263C-B654-4F81-AF0A-18D573FFBBAA}.Release|Win32.ActiveCfg = Release|Win32
		{AD35263C-B654-4F81-AF0A-18D573FFBBAA}.Release|Win32.Build.0 = Release|Win32
		{AD35263C-B654-4F81-AF0A-18D573FFBBAA}.Unicode Debug|Win32.ActiveCfg = Unicode Debug|Win32
		{AD35263C-B654-4F81-AF0A-18D573FFBBAA}.Unicode Debug|Win32.Build.0 = Unicode Debug|Win32
		{AD35263C-B654-4F81-AF0A-18D573FFBBAA}.Unicode Release|Win32.ActiveCfg = Unicode Release|Win32
		{AD35263C-B654-4F81-AF0A-18D573FFBBAA}.Unicode Release|Win32.Build.0 = Unicode Release|Win32
		{46180869-03B5-4E8E-9ED4-F7EE958B04D0}.Debug|Win32.ActiveCfg = Debug|Win32
		{46180869-03B5-4E8E-9ED4-F7EE958B04D0}.Debug|Win32.Build.0 = Debug|Win32
		{46180869-03B5-4E8E-9ED4-F7EE958B04D0}.Release|Win32.ActiveCfg = Release|Win32
		{46180869-03B5-4E8E-9ED4-F7EE958B04D0}.Release|Win32.Build.0 = Release|Win32
		{46180869-03B5-4E8E-9ED4-F7EE958B04D0}.Unicode Debug|Win32.ActiveCfg = Unicode Debug|Win32
		{46180869-03B5-4E8E-9ED4-F7EE958B04D0}.Unicode Debug|Win32.Build.0 = Unicode Debug|Win32
		{46180869-03B5-4E8E-9ED4-F7EE958B04D0}.Unicode Release|Win32.ActiveCfg = Unicode Release|Win32
		{46180869-03B5-4E8E-9ED4-F7EE958B04D0}.Unicode Release|Win32.Build.0 = Unicode Release|Win32
		{5A886F7E-095F-4722-939B-CB21B0001C04}.Debug|Win32.ActiveCfg = Debug|Win32
		{5A886F7E-095F-4722-939B-CB21B0001C04}.Debug|Win32.Build.0 = Debug|Win32
		{5A886F7E-095F-4722-939B-CB21B0001C04}.Release|Win32.ActiveCfg = Release|Win32
		{5A886F7E-095F-4722-939B-CB21B0001C04}.Release|Win32.Build.0 = Release|Win32
		{5A886F7E-095F-4722-939B-CB21B0001C04}.Unicode Debug|Win32.ActiveCfg = Unicode Debug|Win32
		{5A886F7E-095F-4722-939B-CB21B0001C04}.Unicode Debug|Win32.Build.0 = Unicode Debug|Win32
		{5A886F7E-095F-4722-939B-CB21B0001C04}.Unicode Release|Win32.ActiveCfg = Unicode Release|Win32
		{5A886F7E-095F-4722-939B-CB21B0001C04}.Unicode Release|Win32.Build.0 = Unicode Release|Win32
		{C29AD55B-FD59-48B6-AED2-33CC3A5C7524}.Debug|Win32.ActiveCfg = Debug|Win32
		{C29AD55B-FD59-48B6-AED2-33CC3A5C7524}.Debug|Win32.Build.0 = Debug|Win32
		{C29AD55B-FD59-48B6-AED2-33CC3A5C7524}.Release|Win32.ActiveCfg = Release|Win32
		{C29AD55B-FD59-48B6-AED2-33CC3A5C7524}.Release|Win32.Build.0 = Release|Win32
		{C29AD55B-FD59-48B6-AED2-33CC3A5C7524}.Unicode Debug|Win32.ActiveCfg = Unicode Debug|Win32
		{C29AD55B-FD59-48B6-AED2-33CC3A5C7524}.Unicode Debug|Win32.Build.0 = Unicode Debug|Win32
		{C29AD55B-FD59-48B6-AED2-33CC3A5C7524}.Unicode Release|Win32.ActiveCfg = Unicode Release|Win32
		{C29AD55B-FD59-48B6-AED2-33CC3A5C7524}.Unicode Release|Win32.Build.0 = Unicode Release|Win32
		{BEE01F05-A098-4794-86EB-680041133B8A}.Debug|Win32.ActiveCfg = Debug|Win32
		{BEE01F05-A098-4794-86EB-680041133B8A}.Debug|Win32.Build.0 = Debug|Win32
		{BEE01F05-A098-4794-86EB-680041133B8A}.Release|Win32.ActiveCfg = Release|Win32
		{BEE01F05-A098-4794-86EB-680041133B8A}.Release|Win32.Build.0 = Release|Win32
		{BEE01F05-A098-4794-86EB-680041133B8A}.Unicode Debug|Win32.ActiveCfg = Unicode Debug|Win32
		{BEE01F05-A098-4794-86EB-680041133B8A}.Unicode Debug|Win32.Build.0 = Unicode Debug|Win32
		{BEE01F05-A098-4794-86EB-680041133B8A}.Unicode Release|Win32.ActiveCfg = Unicode Release|Win32
		{BEE01F05-A098-4794-86EB-680041133B8A}.Unicode Release|Win32.Build.0 = Unicode Release|Win32
	EndGlobalSection
	GlobalSection(SolutionProperties) = preSolution
		HideSolutionNode = FALSE
	EndGlobalSection
EndGlobal
